
Microsoft Visual Studio Solution File, Format Version 12.00
# Visual Studio Version 17
VisualStudioVersion = 17.10.35013.160
MinimumVisualStudioVersion = 10.0.40219.1
Project("{9A19103F-16F7-4668-BE54-9A1E7A4F7556}") = "gestion-congregacion.api", "gestion-congregacion.api\gestion-congregacion.api.csproj", "{C8E8F587-D6B4-4319-879B-82AB17015613}"
EndProject
Project("{E53339B2-1760-4266-BCC7-CA923CBCF16C}") = "docker-compose", "docker-compose.dcproj", "{88C79831-71EF-4E96-9EE7-4DE6CF8FE178}"
EndProject
Global
	GlobalSection(SolutionConfigurationPlatforms) = preSolution
		Debug|Any CPU = Debug|Any CPU
		Release|Any CPU = Release|Any CPU
	EndGlobalSection
	GlobalSection(ProjectConfigurationPlatforms) = postSolution
		{C8E8F587-D6B4-4319-879B-82AB17015613}.Debug|Any CPU.ActiveCfg = Debug|Any CPU
		{C8E8F587-D6B4-4319-879B-82AB17015613}.Debug|Any CPU.Build.0 = Debug|Any CPU
		{C8E8F587-D6B4-4319-879B-82AB17015613}.Release|Any CPU.ActiveCfg = Release|Any CPU
		{C8E8F587-D6B4-4319-879B-82AB17015613}.Release|Any CPU.Build.0 = Release|Any CPU
		{88C79831-71EF-4E96-9EE7-4DE6CF8FE178}.Debug|Any CPU.ActiveCfg = Debug|Any CPU
		{88C79831-71EF-4E96-9EE7-4DE6CF8FE178}.Debug|Any CPU.Build.0 = Debug|Any CPU
		{88C79831-71EF-4E96-9EE7-4DE6CF8FE178}.Release|Any CPU.ActiveCfg = Release|Any CPU
		{88C79831-71EF-4E96-9EE7-4DE6CF8FE178}.Release|Any CPU.Build.0 = Release|Any CPU
	EndGlobalSection
	GlobalSection(SolutionProperties) = preSolution
		HideSolutionNode = FALSE
	EndGlobalSection
	GlobalSection(ExtensibilityGlobals) = postSolution
		SolutionGuid = {099FC2C7-A937-49EF-A82C-3AB4ECADD71B}
	EndGlobalSection
EndGlobal
